{
  "name": "nvim",
  "lockfileVersion": 3,
  "requires": true,
  "packages": {
    "": {
      "dependencies": {
        "coc-clangd": "^0.32.0",
        "coc.nvim": "^0.0.83-next.9",
        "eg": "^0.0.0",
        "fd": "^0.0.3"
      }
    },
    "node_modules/@types/node": {
      "version": "14.18.63",
      "resolved": "https://registry.npmjs.org/@types/node/-/node-14.18.63.tgz",
      "integrity": "sha512-fAtCfv4jJg+ExtXhvCkCqUKZ+4ok/JQk01qDKhL5BDDoS3AxKXhV5/MAVUZyQnSEd2GT92fkgZl0pz0Q0AzcIQ==",
      "peer": true
    },
    "node_modules/coc-clangd": {
      "version": "0.32.0",
      "resolved": "https://registry.npmjs.org/coc-clangd/-/coc-clangd-0.32.0.tgz",
      "integrity": "sha512-4tlTv1f5fIQfvecv7IuvWVN9wiQNtM5P5djwOVReZ/dQdSWNjI0GEXG2JXxa2VQYU6CmX9fiApzkgLDmmnVSxQ==",
      "engines": {
        "coc": "^0.0.80"
      }
    },
    "node_modules/coc.nvim": {
      "version": "0.0.83-next.9",
      "resolved": "https://registry.npmjs.org/coc.nvim/-/coc.nvim-0.0.83-next.9.tgz",
      "integrity": "sha512-ek5+EgA9N92/6Wt07TAYpavmBgXZto4Dmwmm56oyBl/w4wy3Tod7LfpCp4k9M4xCxhxPtrflIcxvhdDUPIeMuw==",
      "engines": {
        "node": ">=14.14.0"
      },
      "funding": {
        "type": "opencollective",
        "url": "https://opencollective.com/cocnvim"
      },
      "peerDependencies": {
        "@types/node": "^14.14.0"
      }
    },
    "node_modules/eg": {
      "version": "0.0.0",
      "resolved": "https://registry.npmjs.org/eg/-/eg-0.0.0.tgz",
      "integrity": "sha512-jjdGAhoH4I+KjmZtLwG0kamGW2XwucbwCZ5CPQd84GhcAVZDnX1LaOfCniK9PxRxRo3+y6lfQcX/r0SDiYWcIw=="
    },
    "node_modules/fd": {
      "version": "0.0.3",
      "resolved": "https://registry.npmjs.org/fd/-/fd-0.0.3.tgz",
      "integrity": "sha512-iAHrIslQb3U68OcMSP0kkNWabp7sSN6d2TBSb2JO3gcLJVDd4owr/hKM4SFJovFOUeeXeItjYgouEDTMWiVAnA=="
    }
  }
}
